lockfileVersion: "9.0"

settings:
  autoInstallPeers: true
  excludeLinksFromLockfile: false

importers:
  .:
    dependencies:
      "@prisma/client":
        specifier: ^5.22.0
        version: 5.22.0(prisma@5.22.0)
      argon2:
        specifier: ^0.44.0
        version: 0.44.0
    devDependencies:
      cuid:
        specifier: ^3.0.0
        version: 3.0.0
      prisma:
        specifier: ^5.22.0
        version: 5.22.0
      typescript:
        specifier: ^5.6.0
        version: 5.9.3

packages:
  "@epic-web/invariant@1.0.0":
    resolution:
      {
        integrity: sha512-lrTPqgvfFQtR/eY/qkIzp98OGdNJu0m5ji3q/nJI8v3SXkRKEnWiOxMmbvcSoAIzv/cGiuvRy57k4suKQSAdwA==,
      }

  "@phc/format@1.0.0":
    resolution:
      {
        integrity: sha512-m7X9U6BG2+J+R1lSOdCiITLLrxm+cWlNI3HUFA92oLO77ObGNzaKdh8pMLqdZcshtkKuV84olNNXDfMc4FezBQ==,
      }
    engines: { node: ">=10" }

  "@prisma/client@5.22.0":
    resolution:
      {
        integrity: sha512-M0SVXfyHnQREBKxCgyo7sffrKttwE6R8PMq330MIUF0pTwjUhLbW84pFDlf06B27XyCR++VtjugEnIHdr07SVA==,
      }
    engines: { node: ">=16.13" }
    peerDependencies:
      prisma: "*"
    peerDependenciesMeta:
      prisma:
        optional: true

  "@prisma/debug@5.22.0":
    resolution:
      {
        integrity: sha512-AUt44v3YJeggO2ZU5BkXI7M4hu9BF2zzH2iF2V5pyXT/lRTyWiElZ7It+bRH1EshoMRxHgpYg4VB6rCM+mG5jQ==,
      }

  "@prisma/engines-version@5.22.0-44.605197351a3c8bdd595af2d2a9bc3025bca48ea2":
    resolution:
      {
        integrity: sha512-2PTmxFR2yHW/eB3uqWtcgRcgAbG1rwG9ZriSvQw+nnb7c4uCr3RAcGMb6/zfE88SKlC1Nj2ziUvc96Z379mHgQ==,
      }

  "@prisma/engines@5.22.0":
    resolution:
      {
        integrity: sha512-UNjfslWhAt06kVL3CjkuYpHAWSO6L4kDCVPegV6itt7nD1kSJavd3vhgAEhjglLJJKEdJ7oIqDJ+yHk6qO8gPA==,
      }

  "@prisma/fetch-engine@5.22.0":
    resolution:
      {
        integrity: sha512-bkrD/Mc2fSvkQBV5EpoFcZ87AvOgDxbG99488a5cexp5Ccny+UM6MAe/UFkUC0wLYD9+9befNOqGiIJhhq+HbA==,
      }

  "@prisma/get-platform@5.22.0":
    resolution:
      {
        integrity: sha512-pHhpQdr1UPFpt+zFfnPazhulaZYCUqeIcPpJViYoq9R+D/yw4fjE+CtnsnKzPYm0ddUbeXUzjGVGIRVgPDCk4Q==,
      }

  argon2@0.44.0:
    resolution:
      {
        integrity: sha512-zHPGN3S55sihSQo0dBbK0A5qpi2R31z7HZDZnry3ifOyj8bZZnpZND2gpmhnRGO1V/d555RwBqIK5W4Mrmv3ig==,
      }
    engines: { node: ">=16.17.0" }

  cross-env@10.1.0:
    resolution:
      {
        integrity: sha512-GsYosgnACZTADcmEyJctkJIoqAhHjttw7RsFrVoJNXbsWWqaq6Ym+7kZjq6mS45O0jij6vtiReppKQEtqWy6Dw==,
      }
    engines: { node: ">=20" }
    hasBin: true

  cross-spawn@7.0.6:
    resolution:
      {
        integrity: sha512-uV2QOWP2nWzsy2aMp8aRibhi9dlzF5Hgh5SHaB9OiTGEyDTiJJyx0uy51QXdyWbtAHNua4XJzUKca3OzKUd3vA==,
      }
    engines: { node: ">= 8" }

  cuid@3.0.0:
    resolution:
      {
        integrity: sha512-WZYYkHdIDnaxdeP8Misq3Lah5vFjJwGuItJuV+tvMafosMzw0nF297T7mrm8IOWiPJkV6gc7sa8pzx27+w25Zg==,
      }
    deprecated: Cuid and other k-sortable and non-cryptographic ids (Ulid, ObjectId, KSUID, all UUIDs) are all insecure. Use @paralleldrive/cuid2 instead.

  fsevents@2.3.3:
    resolution:
      {
        integrity: sha512-5xoDfX+fL7faATnagmWPpbFtwh/R77WmMMqqHGS65C3vvB0YHrgF+B1YmZ3441tMj5n63k0212XNoJwzlhffQw==,
      }
    engines: { node: ^8.16.0 || ^10.6.0 || >=11.0.0 }
    os: [darwin]

  isexe@2.0.0:
    resolution:
      {
        integrity: sha512-RHxMLp9lnKHGHRng9QFhRCMbYAcVpn69smSGcq3f36xjgVVWThj4qqLbTLlq7Ssj8B+fIQ1EuCEGI2lKsyQeIw==,
      }

  node-addon-api@8.8.0:
    resolution:
      {
        integrity: sha512-c5Ko1fZJIJmzhFIkhRN76WTq+fC6tWnGy9CXA0fA+XygsWZmEwG8vmbkNqxMyoaa0Tin4djul49NzdVcJJcjeA==,
      }
    engines: { node: ^18 || ^20 || >= 21 }

  node-gyp-build@4.8.4:
    resolution:
      {
        integrity: sha512-LA4ZjwlnUblHVgq0oBF3Jl/6h/Nvs5fzBLwdEF4nuxnFdsfajde4WfxtJr3CaiH+F6ewcIB/q4jQ4UzPyid+CQ==,
      }
    hasBin: true

  path-key@3.1.1:
    resolution:
      {
        integrity: sha512-ojmeN0qd+y0jszEtoY48r0Peq5dwMEkIlCOu6Q5f41lfkswXuKtYrhgoTpLnyIcHm24Uhqx+5Tqm2InSwLhE6Q==,
      }
    engines: { node: ">=8" }

  prisma@5.22.0:
    resolution:
      {
        integrity: sha512-vtpjW3XuYCSnMsNVBjLMNkTj6OZbudcPPTPYHqX0CJfpcdWciI1dM8uHETwmDxxiqEwCIE6WvXucWUetJgfu/A==,
      }
    engines: { node: ">=16.13" }
    hasBin: true

  shebang-command@2.0.0:
    resolution:
      {
        integrity: sha512-kHxr2zZpYtdmrN1qDjrrX/Z1rR1kG8Dx+gkpK1G4eXmvXswmcE1hTWBWYUzlraYw1/yZp6YuDY77YtvbN0dmDA==,
      }
    engines: { node: ">=8" }

  shebang-regex@3.0.0:
    resolution:
      {
        integrity: sha512-7++dFhtcx3353uBaq8DDR4NuxBetBzC7ZQOhmTQInHEd6bSrXdiEyzCvG07Z44UYdLShWUyXt5M/yhz8ekcb1A==,
      }
    engines: { node: ">=8" }

  typescript@5.9.3:
    resolution:
      {
        integrity: sha512-jl1vZzPDinLr9eUt3J/t7V6FgNEw9QjvBPdysz9KfQDD41fQrC2Y4vKQdiaUpFT4bXlb1RHhLpp8wtm6M5TgSw==,
      }
    engines: { node: ">=14.17" }
    hasBin: true

  which@2.0.2:
    resolution:
      {
        integrity: sha512-BLI3Tl1TW3Pvl70l3yq3Y64i+awpwXqsGBYWkkqMtnbXgrMD+yj7rhW0kuEDxzJaYXGjEW5ogapKNMEKNMjibA==,
      }
    engines: { node: ">= 8" }
    hasBin: true

snapshots:
  "@epic-web/invariant@1.0.0": {}

  "@phc/format@1.0.0": {}

  "@prisma/client@5.22.0(prisma@5.22.0)":
    optionalDependencies:
      prisma: 5.22.0

  "@prisma/debug@5.22.0": {}

  "@prisma/engines-version@5.22.0-44.605197351a3c8bdd595af2d2a9bc3025bca48ea2":
    {}

  "@prisma/engines@5.22.0":
    dependencies:
      "@prisma/debug": 5.22.0
      "@prisma/engines-version": 5.22.0-44.605197351a3c8bdd595af2d2a9bc3025bca48ea2
      "@prisma/fetch-engine": 5.22.0
      "@prisma/get-platform": 5.22.0

  "@prisma/fetch-engine@5.22.0":
    dependencies:
      "@prisma/debug": 5.22.0
      "@prisma/engines-version": 5.22.0-44.605197351a3c8bdd595af2d2a9bc3025bca48ea2
      "@prisma/get-platform": 5.22.0

  "@prisma/get-platform@5.22.0":
    dependencies:
      "@prisma/debug": 5.22.0

  argon2@0.44.0:
    dependencies:
      "@phc/format": 1.0.0
      cross-env: 10.1.0
      node-addon-api: 8.8.0
      node-gyp-build: 4.8.4

  cross-env@10.1.0:
    dependencies:
      "@epic-web/invariant": 1.0.0
      cross-spawn: 7.0.6

  cross-spawn@7.0.6:
    dependencies:
      path-key: 3.1.1
      shebang-command: 2.0.0
      which: 2.0.2

  cuid@3.0.0: {}

  fsevents@2.3.3:
    optional: true

  isexe@2.0.0: {}

  node-addon-api@8.8.0: {}

  node-gyp-build@4.8.4: {}

  path-key@3.1.1: {}

  prisma@5.22.0:
    dependencies:
      "@prisma/engines": 5.22.0
    optionalDependencies:
      fsevents: 2.3.3

  shebang-command@2.0.0:
    dependencies:
      shebang-regex: 3.0.0

  shebang-regex@3.0.0: {}

  typescript@5.9.3: {}

  which@2.0.2:
    dependencies:
      isexe: 2.0.0
